
Microsoft Visual Studio Solution File, Format Version 12.00
# Visual Studio 2013
VisualStudioVersion = 12.0.31101.0
MinimumVisualStudioVersion = 10.0.40219.1
Project("{FAE04EC0-301F-11D3-BF4B-00C04F79EFBC}") = "SAML2.Core", "SAML2.Core\SAML2.Core.csproj", "{75E5BAD2-A20C-43CC-B5C8-38004CEDBDFD}"
EndProject
Project("{FAE04EC0-301F-11D3-BF4B-00C04F79EFBC}") = "SAML2.Tests", "SAML2.Tests\SAML2.Tests.csproj", "{39FE8EA4-860C-4A15-A09C-B5B9EEF8CFA2}"
EndProject
Project("{FAE04EC0-301F-11D3-BF4B-00C04F79EFBC}") = "Owin.Security.Saml", "Owin.Security.Saml\Owin.Security.Saml.csproj", "{0054DAFD-1A69-4807-B24E-A6A6B71927C7}"
EndProject
Project("{FAE04EC0-301F-11D3-BF4B-00C04F79EFBC}") = "SAML2.AspNet", "SAML2.AspNet\SAML2.AspNet.csproj", "{D2136BFD-D2DA-4105-920B-8E05C090C597}"
EndProject
Project("{FAE04EC0-301F-11D3-BF4B-00C04F79EFBC}") = "SelfHostOwinSPExample", "SelfHostOwinSPExample\SelfHostOwinSPExample.csproj", "{6A489386-AFB0-4172-ACF4-61F79DC340DC}"
EndProject
Project("{FAE04EC0-301F-11D3-BF4B-00C04F79EFBC}") = "Owin.Security.Saml.Test", "Owin.Security.Saml.Test\Owin.Security.Saml.Test.csproj", "{9577677C-0E39-45C5-945D-8B18B8A761E4}"
EndProject
Global
	GlobalSection(SolutionConfigurationPlatforms) = preSolution
		Debug|Any CPU = Debug|Any CPU
		Release|Any CPU = Release|Any CPU
	EndGlobalSection
	GlobalSection(ProjectConfigurationPlatforms) = postSolution
		{75E5BAD2-A20C-43CC-B5C8-38004CEDBDFD}.Debug|Any CPU.ActiveCfg = Debug|Any CPU
		{75E5BAD2-A20C-43CC-B5C8-38004CEDBDFD}.Debug|Any CPU.Build.0 = Debug|Any CPU
		{75E5BAD2-A20C-43CC-B5C8-38004CEDBDFD}.Release|Any CPU.ActiveCfg = Release|Any CPU
		{75E5BAD2-A20C-43CC-B5C8-38004CEDBDFD}.Release|Any CPU.Build.0 = Release|Any CPU
		{39FE8EA4-860C-4A15-A09C-B5B9EEF8CFA2}.Debug|Any CPU.ActiveCfg = Debug|Any CPU
		{39FE8EA4-860C-4A15-A09C-B5B9EEF8CFA2}.Debug|Any CPU.Build.0 = Debug|Any CPU
		{39FE8EA4-860C-4A15-A09C-B5B9EEF8CFA2}.Release|Any CPU.ActiveCfg = Release|Any CPU
		{39FE8EA4-860C-4A15-A09C-B5B9EEF8CFA2}.Release|Any CPU.Build.0 = Release|Any CPU
		{0054DAFD-1A69-4807-B24E-A6A6B71927C7}.Debug|Any CPU.ActiveCfg = Debug|Any CPU
		{0054DAFD-1A69-4807-B24E-A6A6B71927C7}.Debug|Any CPU.Build.0 = Debug|Any CPU
		{0054DAFD-1A69-4807-B24E-A6A6B71927C7}.Release|Any CPU.ActiveCfg = Release|Any CPU
		{0054DAFD-1A69-4807-B24E-A6A6B71927C7}.Release|Any CPU.Build.0 = Release|Any CPU
		{D2136BFD-D2DA-4105-920B-8E05C090C597}.Debug|Any CPU.ActiveCfg = Debug|Any CPU
		{D2136BFD-D2DA-4105-920B-8E05C090C597}.Debug|Any CPU.Build.0 = Debug|Any CPU
		{D2136BFD-D2DA-4105-920B-8E05C090C597}.Release|Any CPU.ActiveCfg = Release|Any CPU
		{D2136BFD-D2DA-4105-920B-8E05C090C597}.Release|Any CPU.Build.0 = Release|Any CPU
		{6A489386-AFB0-4172-ACF4-61F79DC340DC}.Debug|Any CPU.ActiveCfg = Debug|Any CPU
		{6A489386-AFB0-4172-ACF4-61F79DC340DC}.Debug|Any CPU.Build.0 = Debug|Any CPU
		{6A489386-AFB0-4172-ACF4-61F79DC340DC}.Release|Any CPU.ActiveCfg = Release|Any CPU
		{6A489386-AFB0-4172-ACF4-61F79DC340DC}.Release|Any CPU.Build.0 = Release|Any CPU
		{9577677C-0E39-45C5-945D-8B18B8A761E4}.Debug|Any CPU.ActiveCfg = Debug|Any CPU
		{9577677C-0E39-45C5-945D-8B18B8A761E4}.Debug|Any CPU.Build.0 = Debug|Any CPU
		{9577677C-0E39-45C5-945D-8B18B8A761E4}.Release|Any CPU.ActiveCfg = Release|Any CPU
		{9577677C-0E39-45C5-945D-8B18B8A761E4}.Release|Any CPU.Build.0 = Release|Any CPU
	EndGlobalSection
	GlobalSection(SolutionProperties) = preSolution
		HideSolutionNode = FALSE
	EndGlobalSection
EndGlobal
